{
    "_meta": {
        "hash": {
            "sha256": "6f242a79da2e66cc2b40d7bf5b1fbd8a24bff21653a511ca268231be309fb539"
        },
        "pipfile-spec": 6,
        "requires": {
            "python_version": "3.6"
        },
        "sources": [
            {
                "name": "pypi",
                "url": "https://pypi.org/simple",
                "verify_ssl": true
            }
        ]
    },
    "default": {
        "click": {
            "hashes": [
                "sha256:29f99fc6125fbc931b758dc053b3114e55c77a6e4c6c3a2674a2dc986016381d",
                "sha256:f15516df478d5a56180fbf80e68f206010e6d160fc39fa508b65e035fd75130b"
            ],
            "index": "pypi",
            "version": "==6.7"
        },
        "python-dateutil": {
            "hashes": [
                "sha256:1adb80e7a782c12e52ef9a8182bebeb73f1d7e24e374397af06fb4956c8dc5c0",
                "sha256:e27001de32f627c22380a688bcc43ce83504a7bc5da472209b4c70f02829f0b8"
            ],
            "index": "pypi",
            "version": "==2.7.3"
        },
        "ruamel.yaml": {
            "hashes": [
                "sha256:1d6e3b304a20a6c368a5c993fc8e99aa5a5567a4654110da5ee80e248499a2a9",
                "sha256:2d2b47a4396820b96b949e041e79558d0d29f019a3ac471c0103afb1132748e7",
                "sha256:4c82d946cd2d31308bff244426f6e85836d8ebde73315520f1a49e986e2291d5",
                "sha256:4ed2b6e78736487fabebdaba547ab4aa1ff80c077718c179f8429802d7922a48",
                "sha256:68b0e2746f2d67a48e8fb4b759f0d3986f721b6ae7a56612d1ca0c24b35fe62f",
                "sha256:7cd3b3ab020c1b19b809ea32fddd668fc4dde0c52e1e7f2dbd6cc8d5d5103d93",
                "sha256:87fc16ae28015605834745f0c5684d1b274e926ff93e2dc95bb253b4ea483866",
                "sha256:ad040e49d125d286f59db387e40eaa3ff377f8558dbe80399b6b9e48316ab352",
                "sha256:b0234ee649d7e36c0ddcf1b44fc1aea434ad546f9c11f1dc4aaaf7dc6c25a1e1",
                "sha256:b679527e3bac066c877af620108fa4ae7deb09d8d5b2d651be0de17a91208911",
                "sha256:b9c827c2bc4f1d1377e819abb793712f4f570e21d83ef9f08d3a55496d7a5585",
                "sha256:b9fb15289065b8bf89cb1059089c56bea285b08b15e4b12d2da5abf24c09c102",
                "sha256:baefdcc3bd63466596c77345205634b36d673b673fe708cf560f3dd63a777545",
                "sha256:bfdd62e5b7db48373cdc4d5695705e65bf3229a473d82d76021d2ea05c3e3acb",
                "sha256:d6b715b0c336942f3608c5fcc40a59a99ce4190bcd8695eb38dc41372c60d219",
                "sha256:d8e1a5f2aa55fa298fd80f5ff94e94c999f16df48df200e94f34e4ac61334cb0",
                "sha256:dd86fe274f8290b53efd62eb1c6bd791fcc9f35cad5894b4757f6fb9b535a3be",
                "sha256:ef0cab035cdf74583740b54ea2577765b880beda4440d41ac0409a2ef8cb9c55",
                "sha256:f14222177b615b1bf5279d35872bdcc0e27ebb4befaa8e56d510e67362fc08fb",
                "sha256:f82496e9c93ad5264dba0c2db8ebfc098cce7ee8da3d31f090a990a7408fd889"
            ],
            "index": "pypi",
            "version": "==0.15.61"
        },
        "six": {
            "hashes": [
                "sha256:70e8a77beed4562e7f14fe23a786b54f6296e34344c23bc42f07b15018ff98e9",
                "sha256:832dc0e10feb1aa2c68dcc57dbb658f1c7e65b9b61af69048abc87a2db00a0eb"
            ],
            "version": "==1.11.0"
        },
        "uvloop": {
            "hashes": [
                "sha256:0657ebcccb261bdd0a360c83dbc6c1218f13cf5c1a3f381bca68ba5977bb6e5a",
                "sha256:089b3513db7f2122ac00a9ce18be879d626a566537c93bbcbb54053e3f24acf5",
                "sha256:251744b1bb162577db2e48cccb28ec9bad4126591471e6ba63dcbe71abc1c741",
                "sha256:4076d40ae0b7557d5982ffe726b153c947a4d70725080ead0121006bdb9f7431",
                "sha256:58d6978112ff292cedf2fd754c8085c9a8c6b98737b8ab3cda3d2a081977a91e",
                "sha256:a97bd62ebbdf7e6e84bf44afe439d9b24ce4d8661a29a639626a8c03748f6f98",
                "sha256:c2e04cab3e2c71d79002a814a243bc42f0253eb761b1f3af989d38ec8142532c",
                "sha256:cbab9f6de63b10fc4991cbf9a720a8ceecfba501f5571f35fc3a74c76223ea66",
                "sha256:d3818242d174a326ea49e2e8f7c1e448432ce17ecb31aeb5084600950857b663",
                "sha256:f2ffcaa13a5e279d0b3296cd6c691df39876cc818482168a80edd3b0e5deef57"
            ],
            "index": "pypi",
            "version": "==0.11.2"
        }
    },
    "develop": {}
}
